
Microsoft Visual Studio Solution File, Format Version 12.00
# Visual Studio Version 17
VisualStudioVersion = 17.11.35312.102
MinimumVisualStudioVersion = 10.0.40219.1
Project("{FAE04EC0-301F-11D3-BF4B-00C04F79EFBC}") = "MvcSoruCevap", "MvcSoruCevap\MvcSoruCevap.csproj", "{FF5FC0F3-13BD-486D-94F2-0B3B028CD683}"
EndProject
Global
	GlobalSection(SolutionConfigurationPlatforms) = preSolution
		Debug|Any CPU = Debug|Any CPU
		Release|Any CPU = Release|Any CPU
	EndGlobalSection
	GlobalSection(ProjectConfigurationPlatforms) = postSolution
		{FF5FC0F3-13BD-486D-94F2-0B3B028CD683}.Debug|Any CPU.ActiveCfg = Debug|Any CPU
		{FF5FC0F3-13BD-486D-94F2-0B3B028CD683}.Debug|Any CPU.Build.0 = Debug|Any CPU
		{FF5FC0F3-13BD-486D-94F2-0B3B028CD683}.Release|Any CPU.ActiveCfg = Release|Any CPU
		{FF5FC0F3-13BD-486D-94F2-0B3B028CD683}.Release|Any CPU.Build.0 = Release|Any CPU
	EndGlobalSection
	GlobalSection(SolutionProperties) = preSolution
		HideSolutionNode = FALSE
	EndGlobalSection
	GlobalSection(ExtensibilityGlobals) = postSolution
		SolutionGuid = {B9044EDB-F470-465A-89AA-9AB100794A08}
	EndGlobalSection
EndGlobal
